
Microsoft Visual Studio Solution File, Format Version 12.00
# Visual Studio Version 16
VisualStudioVersion = 16.0.33027.164
MinimumVisualStudioVersion = 10.0.40219.1
Project("{9A19103F-16F7-4668-BE54-9A1E7A4F7556}") = "ConsoleApp_ThreadExample", "ConsoleApp_ThreadExample\ConsoleApp_ThreadExample.csproj", "{35209D46-6523-46CF-9FF1-03407A7494D8}"
EndProject
Project("{9A19103F-16F7-4668-BE54-9A1E7A4F7556}") = "HomeWork_EggOrChicken", "HomeWork_EggOrChicken\HomeWork_EggOrChicken.csproj", "{101F875A-0278-41BE-9863-CACC78FCE361}"
EndProject
Project("{FAE04EC0-301F-11D3-BF4B-00C04F79EFBC}") = "HomeWork_ThreadExample", "HomeWork_ThreadExample\HomeWork_ThreadExample.csproj", "{9B9D0540-7DBF-45B5-AECB-9F665FA96AFE}"
EndProject
Global
	GlobalSection(SolutionConfigurationPlatforms) = preSolution
		Debug|Any CPU = Debug|Any CPU
		Release|Any CPU = Release|Any CPU
	EndGlobalSection
	GlobalSection(ProjectConfigurationPlatforms) = postSolution
		{35209D46-6523-46CF-9FF1-03407A7494D8}.Debug|Any CPU.ActiveCfg = Debug|Any CPU
		{35209D46-6523-46CF-9FF1-03407A7494D8}.Debug|Any CPU.Build.0 = Debug|Any CPU
		{35209D46-6523-46CF-9FF1-03407A7494D8}.Release|Any CPU.ActiveCfg = Release|Any CPU
		{35209D46-6523-46CF-9FF1-03407A7494D8}.Release|Any CPU.Build.0 = Release|Any CPU
		{101F875A-0278-41BE-9863-CACC78FCE361}.Debug|Any CPU.ActiveCfg = Debug|Any CPU
		{101F875A-0278-41BE-9863-CACC78FCE361}.Debug|Any CPU.Build.0 = Debug|Any CPU
		{101F875A-0278-41BE-9863-CACC78FCE361}.Release|Any CPU.ActiveCfg = Release|Any CPU
		{101F875A-0278-41BE-9863-CACC78FCE361}.Release|Any CPU.Build.0 = Release|Any CPU
		{9B9D0540-7DBF-45B5-AECB-9F665FA96AFE}.Debug|Any CPU.ActiveCfg = Debug|Any CPU
		{9B9D0540-7DBF-45B5-AECB-9F665FA96AFE}.Debug|Any CPU.Build.0 = Debug|Any CPU
		{9B9D0540-7DBF-45B5-AECB-9F665FA96AFE}.Release|Any CPU.ActiveCfg = Release|Any CPU
		{9B9D0540-7DBF-45B5-AECB-9F665FA96AFE}.Release|Any CPU.Build.0 = Release|Any CPU
	EndGlobalSection
	GlobalSection(SolutionProperties) = preSolution
		HideSolutionNode = FALSE
	EndGlobalSection
	GlobalSection(ExtensibilityGlobals) = postSolution
		SolutionGuid = {389BB475-F1C3-45D1-961A-09E151D3DBD6}
	EndGlobalSection
EndGlobal
